
Microsoft Visual Studio Solution File, Format Version 11.00
# Visual Studio 2010
Project("{8BC9CEB8-8B4A-11D0-8D11-00A0C91BC942}") = "client", "client\client.vcxproj", "{1CBE8C89-CC6C-4DEE-B6DA-403998D22D2C}"
EndProject
Project("{8BC9CEB8-8B4A-11D0-8D11-00A0C91BC942}") = "injector", "tools\injector\injector.vcxproj", "{324A84FC-FED7-4DED-83A8-7CCCDD9631A4}"
EndProject
Project("{8BC9CEB8-8B4A-11D0-8D11-00A0C91BC942}") = "airlog", "tools\airlog\airlog.vcxproj", "{AEBDD5C8-406F-478C-B8BF-FD8D7BF62DDD}"
EndProject
Project("{2150E333-8FDC-42A3-9474-1A3956D46DE8}") = "tools", "tools", "{22BDCF1D-57E9-43DD-824F-E4C74C4009E6}"
EndProject
Project("{8BC9CEB8-8B4A-11D0-8D11-00A0C91BC942}") = "rtmp", "rtmp\rtmp.vcxproj", "{BEF24D64-EFA0-48EF-847A-801CDBF2704C}"
EndProject
Project("{8BC9CEB8-8B4A-11D0-8D11-00A0C91BC942}") = "classdump", "tools\classdump\classdump.vcxproj", "{E1B4582C-85CC-449F-8ABB-A8EF13FA219A}"
EndProject
Project("{8BC9CEB8-8B4A-11D0-8D11-00A0C91BC942}") = "qtclient", "qtclient\qtclient.vcxproj", "{340838E5-C8C0-4575-BAF6-857B1C97B8C9}"
EndProject
Project("{8BC9CEB8-8B4A-11D0-8D11-00A0C91BC942}") = "riotgames", "riotgames\riotgames.vcxproj", "{6FBEF47B-62CA-4514-A214-06E02ED55709}"
EndProject
Global
	GlobalSection(SolutionConfigurationPlatforms) = preSolution
		Debug|Win32 = Debug|Win32
		Release|Win32 = Release|Win32
	EndGlobalSection
	GlobalSection(ProjectConfigurationPlatforms) = postSolution
		{1CBE8C89-CC6C-4DEE-B6DA-403998D22D2C}.Debug|Win32.ActiveCfg = Debug|Win32
		{1CBE8C89-CC6C-4DEE-B6DA-403998D22D2C}.Debug|Win32.Build.0 = Debug|Win32
		{1CBE8C89-CC6C-4DEE-B6DA-403998D22D2C}.Release|Win32.ActiveCfg = Release|Win32
		{1CBE8C89-CC6C-4DEE-B6DA-403998D22D2C}.Release|Win32.Build.0 = Release|Win32
		{324A84FC-FED7-4DED-83A8-7CCCDD9631A4}.Debug|Win32.ActiveCfg = Debug|Win32
		{324A84FC-FED7-4DED-83A8-7CCCDD9631A4}.Debug|Win32.Build.0 = Debug|Win32
		{324A84FC-FED7-4DED-83A8-7CCCDD9631A4}.Release|Win32.ActiveCfg = Release|Win32
		{324A84FC-FED7-4DED-83A8-7CCCDD9631A4}.Release|Win32.Build.0 = Release|Win32
		{AEBDD5C8-406F-478C-B8BF-FD8D7BF62DDD}.Debug|Win32.ActiveCfg = Debug|Win32
		{AEBDD5C8-406F-478C-B8BF-FD8D7BF62DDD}.Debug|Win32.Build.0 = Debug|Win32
		{AEBDD5C8-406F-478C-B8BF-FD8D7BF62DDD}.Release|Win32.ActiveCfg = Release|Win32
		{AEBDD5C8-406F-478C-B8BF-FD8D7BF62DDD}.Release|Win32.Build.0 = Release|Win32
		{BEF24D64-EFA0-48EF-847A-801CDBF2704C}.Debug|Win32.ActiveCfg = Debug|Win32
		{BEF24D64-EFA0-48EF-847A-801CDBF2704C}.Debug|Win32.Build.0 = Debug|Win32
		{BEF24D64-EFA0-48EF-847A-801CDBF2704C}.Release|Win32.ActiveCfg = Release|Win32
		{BEF24D64-EFA0-48EF-847A-801CDBF2704C}.Release|Win32.Build.0 = Release|Win32
		{E1B4582C-85CC-449F-8ABB-A8EF13FA219A}.Debug|Win32.ActiveCfg = Debug|Win32
		{E1B4582C-85CC-449F-8ABB-A8EF13FA219A}.Debug|Win32.Build.0 = Debug|Win32
		{E1B4582C-85CC-449F-8ABB-A8EF13FA219A}.Release|Win32.ActiveCfg = Release|Win32
		{E1B4582C-85CC-449F-8ABB-A8EF13FA219A}.Release|Win32.Build.0 = Release|Win32
		{340838E5-C8C0-4575-BAF6-857B1C97B8C9}.Debug|Win32.ActiveCfg = Debug|Win32
		{340838E5-C8C0-4575-BAF6-857B1C97B8C9}.Debug|Win32.Build.0 = Debug|Win32
		{340838E5-C8C0-4575-BAF6-857B1C97B8C9}.Release|Win32.ActiveCfg = Release|Win32
		{340838E5-C8C0-4575-BAF6-857B1C97B8C9}.Release|Win32.Build.0 = Release|Win32
		{6FBEF47B-62CA-4514-A214-06E02ED55709}.Debug|Win32.ActiveCfg = Debug|Win32
		{6FBEF47B-62CA-4514-A214-06E02ED55709}.Debug|Win32.Build.0 = Debug|Win32
		{6FBEF47B-62CA-4514-A214-06E02ED55709}.Release|Win32.ActiveCfg = Release|Win32
		{6FBEF47B-62CA-4514-A214-06E02ED55709}.Release|Win32.Build.0 = Release|Win32
	EndGlobalSection
	GlobalSection(SolutionProperties) = preSolution
		HideSolutionNode = FALSE
	EndGlobalSection
	GlobalSection(NestedProjects) = preSolution
		{AEBDD5C8-406F-478C-B8BF-FD8D7BF62DDD} = {22BDCF1D-57E9-43DD-824F-E4C74C4009E6}
		{324A84FC-FED7-4DED-83A8-7CCCDD9631A4} = {22BDCF1D-57E9-43DD-824F-E4C74C4009E6}
		{E1B4582C-85CC-449F-8ABB-A8EF13FA219A} = {22BDCF1D-57E9-43DD-824F-E4C74C4009E6}
	EndGlobalSection
EndGlobal
