
Microsoft Visual Studio Solution File, Format Version 11.00
# Visual Studio 2010
Project("{8BC9CEB8-8B4A-11D0-8D11-00A0C91BC942}") = "client", "client\client.vcxproj", "{1CBE8C89-CC6C-4DEE-B6DA-403998D22D2C}"
EndProject
Project("{8BC9CEB8-8B4A-11D0-8D11-00A0C91BC942}") = "injector", "tools\injector\injector.vcxproj", "{324A84FC-FED7-4DED-83A8-7CCCDD9631A4}"
EndProject
Project("{8BC9CEB8-8B4A-11D0-8D11-00A0C91BC942}") = "airlog", "tools\airlog\airlog.vcxproj", "{AEBDD5C8-406F-478C-B8BF-FD8D7BF62DDD}"
EndProject
Project("{2150E333-8FDC-42A3-9474-1A3956D46DE8}") = "tools", "tools", "{22BDCF1D-57E9-43DD-824F-E4C74C4009E6}"
EndProject
Global
	GlobalSection(SolutionConfigurationPlatforms) = preSolution
		Debug|Win32 = Debug|Win32
		Release|Win32 = Release|Win32
	EndGlobalSection
	GlobalSection(ProjectConfigurationPlatforms) = postSolution
		{1CBE8C89-CC6C-4DEE-B6DA-403998D22D2C}.Debug|Win32.ActiveCfg = Debug|Win32
		{1CBE8C89-CC6C-4DEE-B6DA-403998D22D2C}.Debug|Win32.Build.0 = Debug|Win32
		{1CBE8C89-CC6C-4DEE-B6DA-403998D22D2C}.Release|Win32.ActiveCfg = Release|Win32
		{1CBE8C89-CC6C-4DEE-B6DA-403998D22D2C}.Release|Win32.Build.0 = Release|Win32
		{324A84FC-FED7-4DED-83A8-7CCCDD9631A4}.Debug|Win32.ActiveCfg = Debug|Win32
		{324A84FC-FED7-4DED-83A8-7CCCDD9631A4}.Debug|Win32.Build.0 = Debug|Win32
		{324A84FC-FED7-4DED-83A8-7CCCDD9631A4}.Release|Win32.ActiveCfg = Release|Win32
		{324A84FC-FED7-4DED-83A8-7CCCDD9631A4}.Release|Win32.Build.0 = Release|Win32
		{AEBDD5C8-406F-478C-B8BF-FD8D7BF62DDD}.Debug|Win32.ActiveCfg = Debug|Win32
		{AEBDD5C8-406F-478C-B8BF-FD8D7BF62DDD}.Debug|Win32.Build.0 = Debug|Win32
		{AEBDD5C8-406F-478C-B8BF-FD8D7BF62DDD}.Release|Win32.ActiveCfg = Release|Win32
		{AEBDD5C8-406F-478C-B8BF-FD8D7BF62DDD}.Release|Win32.Build.0 = Release|Win32
	EndGlobalSection
	GlobalSection(SolutionProperties) = preSolution
		HideSolutionNode = FALSE
	EndGlobalSection
	GlobalSection(NestedProjects) = preSolution
		{324A84FC-FED7-4DED-83A8-7CCCDD9631A4} = {22BDCF1D-57E9-43DD-824F-E4C74C4009E6}
		{AEBDD5C8-406F-478C-B8BF-FD8D7BF62DDD} = {22BDCF1D-57E9-43DD-824F-E4C74C4009E6}
	EndGlobalSection
EndGlobal
