<?xml version="1.0" encoding="utf-8"?>
<Project ToolsVersion="4.0" xmlns="http://schemas.microsoft.com/developer/msbuild/2003">
  <ItemGroup>
    <Filter Include="Source Files">
      <UniqueIdentifier>{4FC737F1-C7A5-4376-A066-2A32D752A2FF}</UniqueIdentifier>
      <Extensions>cpp;c;cc;cxx;def;odl;idl;hpj;bat;asm;asmx</Extensions>
    </Filter>
    <Filter Include="Header Files">
      <UniqueIdentifier>{93995380-89BD-4b04-88EB-625FBE52EBFB}</UniqueIdentifier>
      <Extensions>h;hpp;hxx;hm;inl;inc;xsd</Extensions>
    </Filter>
    <Filter Include="Header Files\rtmp">
      <UniqueIdentifier>{4390673d-0bbc-4dae-8c78-d4bb5b77a74c}</UniqueIdentifier>
    </Filter>
    <Filter Include="Source Files\rtmp">
      <UniqueIdentifier>{cf641a2e-64db-465a-8492-e24c1863d75d}</UniqueIdentifier>
    </Filter>
    <Filter Include="Header Files\amf">
      <UniqueIdentifier>{38b320a5-b171-45f2-bd3f-703c35d0cf09}</UniqueIdentifier>
    </Filter>
    <Filter Include="Source Files\amf">
      <UniqueIdentifier>{45b83298-34db-4a22-9719-9baffc67b301}</UniqueIdentifier>
    </Filter>
    <Filter Include="Header Files\flex">
      <UniqueIdentifier>{6deafbbc-44d1-4a38-84d9-e2d48116dd26}</UniqueIdentifier>
    </Filter>
  </ItemGroup>
  <ItemGroup>
    <ClInclude Include="rtmp\bytestream.h">
      <Filter>Header Files\rtmp</Filter>
    </ClInclude>
    <ClInclude Include="rtmp\types.h">
      <Filter>Header Files\rtmp</Filter>
    </ClInclude>
    <ClInclude Include="rtmp\rtmp.h">
      <Filter>Header Files\rtmp</Filter>
    </ClInclude>
    <ClInclude Include="amf\amf.h">
      <Filter>Header Files\amf</Filter>
    </ClInclude>
    <ClInclude Include="amf\amf3.h">
      <Filter>Header Files\amf</Filter>
    </ClInclude>
    <ClInclude Include="amf\amf0.h">
      <Filter>Header Files\amf</Filter>
    </ClInclude>
    <ClInclude Include="flex\flex.h">
      <Filter>Header Files\flex</Filter>
    </ClInclude>
  </ItemGroup>
  <ItemGroup>
    <ClCompile Include="rtmp\rtmp.cpp">
      <Filter>Source Files\rtmp</Filter>
    </ClCompile>
    <ClCompile Include="rtmp\rtmpclient.cpp">
      <Filter>Source Files\rtmp</Filter>
    </ClCompile>
    <ClCompile Include="amf\amf.cpp">
      <Filter>Source Files\amf</Filter>
    </ClCompile>
    <ClCompile Include="amf\amf3_entities.cpp">
      <Filter>Source Files\amf</Filter>
    </ClCompile>
    <ClCompile Include="amf\amf0_entities.cpp">
      <Filter>Source Files\amf</Filter>
    </ClCompile>
    <ClCompile Include="amf\amf3.cpp">
      <Filter>Source Files\amf</Filter>
    </ClCompile>
  </ItemGroup>
</Project>